dependencies:
  cfonts: 2.9.1
  colorette: 1.2.1
  mime-types: 2.1.28
  node-fetch: 2.6.1
devDependencies:
  '@types/node': 14.14.22
  '@types/node-fetch': 2.5.8
lockfileVersion: 5.2
packages:
  /@types/node-fetch/2.5.8:
    dependencies:
      '@types/node': 14.14.22
      form-data: 3.0.0
    dev: true
    resolution:
      integrity: sha512-fbjI6ja0N5ZA8TV53RUqzsKNkl9fv8Oj3T7zxW7FGv1GSH7gwJaNF8dzCjrqKaxKeUpTz4yT1DaJFq/omNpGfw==
  /@types/node/14.14.22:
    dev: true
    resolution:
      integrity: sha512-g+f/qj/cNcqKkc3tFqlXOYjrmZA+jNBiDzbP3kH+B+otKFqAdPgVTGP1IeKRdMml/aE69as5S4FqtxAbl+LaMw==
  /ansi-styles/4.3.0:
    dependencies:
      color-convert: 2.0.1
    dev: false
    engines:
      node: '>=8'
    resolution:
      integrity: sha512-zbB9rCJAT1rbjiVDb2hqKFHNYLxgtk8NURxZ3IZwD3F6NtxbXZQCnnSi1Lkx+IDohdPlFp222wVALIheZJQSEg==
  /asynckit/0.4.0:
    dev: true
    resolution:
      integrity: sha1-x57Zf380y48robyXkLzDZkdLS3k=
  /cfonts/2.9.1:
    dependencies:
      chalk: 4.1.0
      window-size: 1.1.1
    dev: false
    engines:
      node: '>=10'
    hasBin: true
    resolution:
      integrity: sha512-POZzm27BA8J/fgTeTpfKMmZKdij6L+8k2JsYJsrM5V7+HSFy0I03IEysng/IxGnzhteM7+PyH0rmZx+NeNMR2Q==
  /chalk/4.1.0:
    dependencies:
      ansi-styles: 4.3.0
      supports-color: 7.2.0
    dev: false
    engines:
      node: '>=10'
    resolution:
      integrity: sha512-qwx12AxXe2Q5xQ43Ac//I6v5aXTipYrSESdOgzrN+9XjgEpyjpKuvSGaN4qE93f7TQTlerQQ8S+EQ0EyDoVL1A==
  /color-convert/2.0.1:
    dependencies:
      color-name: 1.1.4
    dev: false
    engines:
      node: '>=7.0.0'
    resolution:
      integrity: sha512-RRECPsj7iu/xb5oKYcsFHSppFNnsj/52OVTRKb4zP5onXwVF3zVmmToNcOfGC+CRDpfK/U584fMg38ZHCaElKQ==
  /color-name/1.1.4:
    dev: false
    resolution:
      integrity: sha512-dOy+3AuW3a2wNbZHIuMZpTcgjGuLU/uBL/ubcZF9OXbDo8ff4O8yVp5Bf0efS8uEoYo5q4Fx7dY9OgQGXgAsQA==
  /colorette/1.2.1:
    dev: false
    resolution:
      integrity: sha512-puCDz0CzydiSYOrnXpz/PKd69zRrribezjtE9yd4zvytoRc8+RY/KJPvtPFKZS3E3wP6neGyMe0vOTlHO5L3Pw==
  /combined-stream/1.0.8:
    dependencies:
      delayed-stream: 1.0.0
    dev: true
    engines:
      node: '>= 0.8'
    resolution:
      integrity: sha512-FQN4MRfuJeHf7cBbBMJFXhKSDq+2kAArBlmRBvcvFE5BB1HZKXtSFASDhdlz9zOYwxh8lDdnvmMOe/+5cdoEdg==
  /define-property/1.0.0:
    dependencies:
      is-descriptor: 1.0.2
    dev: false
    engines:
      node: '>=0.10.0'
    resolution:
      integrity: sha1-dp66rz9KY6rTr56NMEybvnm/sOY=
  /delayed-stream/1.0.0:
    dev: true
    engines:
      node: '>=0.4.0'
    resolution:
      integrity: sha1-3zrhmayt+31ECqrgsp4icrJOxhk=
  /form-data/3.0.0:
    dependencies:
      asynckit: 0.4.0
      combined-stream: 1.0.8
      mime-types: 2.1.28
    dev: true
    engines:
      node: '>= 6'
    resolution:
      integrity: sha512-CKMFDglpbMi6PyN+brwB9Q/GOw0eAnsrEZDgcsH5Krhz5Od/haKHAX0NmQfha2zPPz0JpWzA7GJHGSnvCRLWsg==
  /has-flag/4.0.0:
    dev: false
    engines:
      node: '>=8'
    resolution:
      integrity: sha512-EykJT/Q1KjTWctppgIAgfSO0tKVuZUjhgMr17kqTumMl6Afv3EISleU7qZUzoXDFTAHTDC4NOoG/ZxU3EvlMPQ==
  /is-accessor-descriptor/1.0.0:
    dependencies:
      kind-of: 6.0.3
    dev: false
    engines:
      node: '>=0.10.0'
    resolution:
      integrity: sha512-m5hnHTkcVsPfqx3AKlyttIPb7J+XykHvJP2B9bZDjlhLIoEq4XoK64Vg7boZlVWYK6LUY94dYPEE7Lh0ZkZKcQ==
  /is-buffer/1.1.6:
    dev: false
    resolution:
      integrity: sha512-NcdALwpXkTm5Zvvbk7owOUSvVvBKDgKP5/ewfXEznmQFfs4ZRmanOeKBTjRVjka3QFoN6XJ+9F3USqfHqTaU5w==
  /is-data-descriptor/1.0.0:
    dependencies:
      kind-of: 6.0.3
    dev: false
    engines:
      node: '>=0.10.0'
    resolution:
      integrity: sha512-jbRXy1FmtAoCjQkVmIVYwuuqDFUbaOeDjmed1tOGPrsMhtJA4rD9tkgA0F1qJ3gRFRXcHYVkdeaP50Q5rE/jLQ==
  /is-descriptor/1.0.2:
    dependencies:
      is-accessor-descriptor: 1.0.0
      is-data-descriptor: 1.0.0
      kind-of: 6.0.3
    dev: false
    engines:
      node: '>=0.10.0'
    resolution:
      integrity: sha512-2eis5WqQGV7peooDyLmNEPUrps9+SXX5c9pL3xEB+4e9HnGuDa7mB7kHxHw4CbqS9k1T2hOH3miL8n8WtiYVtg==
  /is-number/3.0.0:
    dependencies:
      kind-of: 3.2.2
    dev: false
    engines:
      node: '>=0.10.0'
    resolution:
      integrity: sha1-JP1iAaR4LPUFYcgQJ2r8fRLXEZU=
  /kind-of/3.2.2:
    dependencies:
      is-buffer: 1.1.6
    dev: false
    engines:
      node: '>=0.10.0'
    resolution:
      integrity: sha1-MeohpzS6ubuw8yRm2JOupR5KPGQ=
  /kind-of/6.0.3:
    dev: false
    engines:
      node: '>=0.10.0'
    resolution:
      integrity: sha512-dcS1ul+9tmeD95T+x28/ehLgd9mENa3LsvDTtzm3vyBEO7RPptvAD+t44WVXaUjTBRcrpFeFlC8WCruUR456hw==
  /mime-db/1.45.0:
    engines:
      node: '>= 0.6'
    resolution:
      integrity: sha512-CkqLUxUk15hofLoLyljJSrukZi8mAtgd+yE5uO4tqRZsdsAJKv0O+rFMhVDRJgozy+yG6md5KwuXhD4ocIoP+w==
  /mime-types/2.1.28:
    dependencies:
      mime-db: 1.45.0
    engines:
      node: '>= 0.6'
    resolution:
      integrity: sha512-0TO2yJ5YHYr7M2zzT7gDU1tbwHxEUWBCLt0lscSNpcdAfFyJOVEpRYNS7EXVcTLNj/25QO8gulHC5JtTzSE2UQ==
  /node-fetch/2.6.1:
    dev: false
    engines:
      node: 4.x || >=6.0.0
    resolution:
      integrity: sha512-V4aYg89jEoVRxRb2fJdAg8FHvI7cEyYdVAh94HH0UIK8oJxUfkjlDQN9RbMx+bEjP7+ggMiFRprSti032Oipxw==
  /supports-color/7.2.0:
    dependencies:
      has-flag: 4.0.0
    dev: false
    engines:
      node: '>=8'
    resolution:
      integrity: sha512-qpCAvRl9stuOHveKsn7HncJRvv501qIacKzQlO/+Lwxc9+0q2wLyv4Dfvt80/DPn2pqOBsJdDiogXGR9+OvwRw==
  /window-size/1.1.1:
    dependencies:
      define-property: 1.0.0
      is-number: 3.0.0
    dev: false
    engines:
      node: '>= 0.10.0'
    hasBin: true
    resolution:
      integrity: sha512-5D/9vujkmVQ7pSmc0SCBmHXbkv6eaHwXEx65MywhmUMsI8sGqJ972APq1lotfcwMKPFLuCFfL8xGHLIp7jaBmA==
specifiers:
  '@types/node': ^14.14.22
  '@types/node-fetch': ^2.5.8
  cfonts: ^2.9.1
  colorette: ^1.2.1
  mime-types: ^2.1.28
  node-fetch: ^2.6.1
